// !$*UTF8*$!
{
	archiveVersion = 1;
	classes = {
	};
	objectVersion = 77;
	objects = {

/* Begin PBXBuildFile section */
		1BCB12C63849A7269EA61E45 /* MPVKit in Frameworks */ = {isa = PBXBuildFile; productRef = CBAABE12ECEECC935ABD1F3A /* MPVKit */; };
/* End PBXBuildFile section */

/* Begin PBXContainerItemProxy section */
		C3227A2F74CA546CCD706A8B /* PBXContainerItemProxy */ = {
			isa = PBXContainerItemProxy;
			containerPortal = 5D12FEEA5F9455D4526A50F3 /* Project object */;
			proxyType = 1;
			remoteGlobalIDString = DC8260599C780FF4FF9C30D5;
			remoteInfo = NeoBili;
		};
/* End PBXContainerItemProxy section */

/* Begin PBXFileReference section */
		4A8C9E3102B8330370E325F2 /* NeoBiliTests.xctest */ = {isa = PBXFileReference; includeInIndex = 0; lastKnownFileType = wrapper.cfbundle; path = NeoBiliTests.xctest; sourceTree = BUILT_PRODUCTS_DIR; };
		BCD9220735EC3C9EF5F23D46 /* NeoBili.app */ = {isa = PBXFileReference; includeInIndex = 0; lastKnownFileType = wrapper.application; path = NeoBili.app; sourceTree = BUILT_PRODUCTS_DIR; };
/* End PBXFileReference section */

/* Begin PBXFileSystemSynchronizedBuildFileExceptionSet section */
		2CD481F3DCA28231E72D491B /* Exceptions for "NeoBili" folder in "NeoBili" target */ = {
			isa = PBXFileSystemSynchronizedBuildFileExceptionSet;
			membershipExceptions = (
				Info.plist,
			);
			target = DC8260599C780FF4FF9C30D5 /* NeoBili */;
		};
/* End PBXFileSystemSynchronizedBuildFileExceptionSet section */

/* Begin PBXFileSystemSynchronizedRootGroup section */
		7D41E51288F6941F65B5193F /* NeoBili */ = {
			isa = PBXFileSystemSynchronizedRootGroup;
			exceptions = (
				2CD481F3DCA28231E72D491B /* Exceptions for "NeoBili" folder in "NeoBili" target */,
			);
			path = NeoBili;
			sourceTree = "<group>";
		};
		B76F1D97FEA77A09E40DFEB8 /* NeoBiliTests */ = {
			isa = PBXFileSystemSynchronizedRootGroup;
			path = NeoBiliTests;
			sourceTree = "<group>";
		};
/* End PBXFileSystemSynchronizedRootGroup section */

/* Begin PBXFrameworksBuildPhase section */
		7DA732EB1F31CDC4225AE7EE /* Frameworks */ = {
			isa = PBXFrameworksBuildPhase;
			buildActionMask = 2147483647;
			files = (
				1BCB12C63849A7269EA61E45 /* MPVKit in Frameworks */,
			);
			runOnlyForDeploymentPostprocessing = 0;
		};
/* End PBXFrameworksBuildPhase section */

/* Begin PBXGroup section */
		275BFB2691EB7653AA782816 /* Products */ = {
			isa = PBXGroup;
			children = (
				BCD9220735EC3C9EF5F23D46 /* NeoBili.app */,
				4A8C9E3102B8330370E325F2 /* NeoBiliTests.xctest */,
			);
			name = Products;
			sourceTree = "<group>";
		};
		B26BFA13DC2C5853944C71C5 = {
			isa = PBXGroup;
			children = (
				7D41E51288F6941F65B5193F /* NeoBili */,
				B76F1D97FEA77A09E40DFEB8 /* NeoBiliTests */,
				275BFB2691EB7653AA782816 /* Products */,
			);
			sourceTree = "<group>";
		};
/* End PBXGroup section */

/* Begin PBXNativeTarget section */
		A3CF3B66D543AA90E0660785 /* NeoBiliTests */ = {
			isa = PBXNativeTarget;
			buildConfigurationList = 3438169FE830682BABFE64FE /* Build configuration list for PBXNativeTarget "NeoBiliTests" */;
			buildPhases = (
				2AF91769B90DD9E3AEB74B76 /* Sources */,
				8D4D1F62C937E2265C9FD28F /* Resources */,
			);
			buildRules = (
			);
			dependencies = (
				7E442B2C65FC0CF033C4D442 /* PBXTargetDependency */,
			);
			fileSystemSynchronizedGroups = (
				B76F1D97FEA77A09E40DFEB8 /* NeoBiliTests */,
			);
			name = NeoBiliTests;
			packageProductDependencies = (
			);
			productName = NeoBiliTests;
			productReference = 4A8C9E3102B8330370E325F2 /* NeoBiliTests.xctest */;
			productType = "com.apple.product-type.bundle.unit-test";
		};
		DC8260599C780FF4FF9C30D5 /* NeoBili */ = {
			isa = PBXNativeTarget;
			buildConfigurationList = 8C61DF232D5CBCDA951046A7 /* Build configuration list for PBXNativeTarget "NeoBili" */;
			buildPhases = (
				EB65F1CBB24421212413167E /* Sources */,
				2B3755D1D486E529F327278F /* Resources */,
				7DA732EB1F31CDC4225AE7EE /* Frameworks */,
			);
			buildRules = (
			);
			dependencies = (
			);
			fileSystemSynchronizedGroups = (
				7D41E51288F6941F65B5193F /* NeoBili */,
			);
			name = NeoBili;
			packageProductDependencies = (
				CBAABE12ECEECC935ABD1F3A /* MPVKit */,
			);
			productName = NeoBili;
			productReference = BCD9220735EC3C9EF5F23D46 /* NeoBili.app */;
			productType = "com.apple.product-type.application";
		};
/* End PBXNativeTarget section */

/* Begin PBXProject section */
		5D12FEEA5F9455D4526A50F3 /* Project object */ = {
			isa = PBXProject;
			attributes = {
				BuildIndependentTargetsInParallel = YES;
				LastUpgradeCheck = 1430;
				TargetAttributes = {
					DC8260599C780FF4FF9C30D5 = {
						DevelopmentTeam = D6647H7B4X;
						ProvisioningStyle = Automatic;
					};
				};
			};
			buildConfigurationList = 28DFF45B101274D217DEA7A8 /* Build configuration list for PBXProject "NeoBili" */;
			developmentRegion = en;
			hasScannedForEncodings = 0;
			knownRegions = (
				Base,
				en,
			);
			mainGroup = B26BFA13DC2C5853944C71C5;
			minimizedProjectReferenceProxies = 1;
			packageReferences = (
				26A554F0FF828A8D04A5D07C /* XCRemoteSwiftPackageReference "MPVKit" */,
			);
			preferredProjectObjectVersion = 77;
			productRefGroup = 275BFB2691EB7653AA782816 /* Products */;
			projectDirPath = "";
			projectRoot = "";
			targets = (
				DC8260599C780FF4FF9C30D5 /* NeoBili */,
				A3CF3B66D543AA90E0660785 /* NeoBiliTests */,
			);
		};
/* End PBXProject section */

/* Begin PBXResourcesBuildPhase section */
		2B3755D1D486E529F327278F /* Resources */ = {
			isa = PBXResourcesBuildPhase;
			buildActionMask = 2147483647;
			files = (
			);
			runOnlyForDeploymentPostprocessing = 0;
		};
		8D4D1F62C937E2265C9FD28F /* Resources */ = {
			isa = PBXResourcesBuildPhase;
			buildActionMask = 2147483647;
			files = (
			);
			runOnlyForDeploymentPostprocessing = 0;
		};
/* End PBXResourcesBuildPhase section */

/* Begin PBXSourcesBuildPhase section */
		2AF91769B90DD9E3AEB74B76 /* Sources */ = {
			isa = PBXSourcesBuildPhase;
			buildActionMask = 2147483647;
			files = (
			);
			runOnlyForDeploymentPostprocessing = 0;
		};
		EB65F1CBB24421212413167E /* Sources */ = {
			isa = PBXSourcesBuildPhase;
			buildActionMask = 2147483647;
			files = (
			);
			runOnlyForDeploymentPostprocessing = 0;
		};
/* End PBXSourcesBuildPhase section */

/* Begin PBXTargetDependency section */
		7E442B2C65FC0CF033C4D442 /* PBXTargetDependency */ = {
			isa = PBXTargetDependency;
			target = DC8260599C780FF4FF9C30D5 /* NeoBili */;
			targetProxy = C3227A2F74CA546CCD706A8B /* PBXContainerItemProxy */;
		};
/* End PBXTargetDependency section */

/* Begin XCBuildConfiguration section */
		10C964686F31382C6CF4DDDB /* Release */ = {
			isa = XCBuildConfiguration;
			buildSettings = {
				BUNDLE_LOADER = "$(TEST_HOST)";
				GENERATE_INFOPLIST_FILE = YES;
				IPHONEOS_DEPLOYMENT_TARGET = 26.0;
				LD_RUNPATH_SEARCH_PATHS = (
					"$(inherited)",
					"@executable_path/Frameworks",
					"@loader_path/Frameworks",
				);
				PRODUCT_BUNDLE_IDENTIFIER = com.elsterlee.NeoBiliTests;
				SDKROOT = iphoneos;
				TARGETED_DEVICE_FAMILY = "1,2";
				TEST_HOST = "$(BUILT_PRODUCTS_DIR)/NeoBili.app/NeoBili";
			};
			name = Release;
		};
		32D5B50609C1F2EF57382735 /* Debug */ = {
			isa = XCBuildConfiguration;
			buildSettings = {
				BUNDLE_LOADER = "$(TEST_HOST)";
				GENERATE_INFOPLIST_FILE = YES;
				IPHONEOS_DEPLOYMENT_TARGET = 26.0;
				LD_RUNPATH_SEARCH_PATHS = (
					"$(inherited)",
					"@executable_path/Frameworks",
					"@loader_path/Frameworks",
				);
				PRODUCT_BUNDLE_IDENTIFIER = com.elsterlee.NeoBiliTests;
				SDKROOT = iphoneos;
				TARGETED_DEVICE_FAMILY = "1,2";
				TEST_HOST = "$(BUILT_PRODUCTS_DIR)/NeoBili.app/NeoBili";
			};
			name = Debug;
		};
		8973EE6DD242F15B2AA483CF /* Debug */ = {
			isa = XCBuildConfiguration;
			buildSettings = {
				ASSETCATALOG_COMPILER_APPICON_NAME = AppIcon;
				ASSETCATALOG_COMPILER_GLOBAL_ACCENT_COLOR_NAME = AccentColor;
				CODE_SIGN_IDENTITY = "iPhone Developer";
				CODE_SIGN_STYLE = Automatic;
				DEVELOPMENT_TEAM = D6647H7B4X;
				ENABLE_PREVIEWS = YES;
				INFOPLIST_FILE = NeoBili/Info.plist;
				IPHONEOS_DEPLOYMENT_TARGET = 26.0;
				LD_RUNPATH_SEARCH_PATHS = (
					"$(inherited)",
					"@executable_path/Frameworks",
				);
				PRODUCT_BUNDLE_IDENTIFIER = com.elsterlee.NeoBili;
				SDKROOT = iphoneos;
				SWIFT_VERSION = 6.0;
				TARGETED_DEVICE_FAMILY = 1;
			};
			name = Debug;
		};
		A6BA709D3FBA263659626DDB /* Debug */ = {
			isa = XCBuildConfiguration;
			buildSettings = {
				ALWAYS_SEARCH_USER_PATHS = NO;
				CLANG_ANALYZER_NONNULL = YES;
				CLANG_ANALYZER_NUMBER_OBJECT_CONVERSION = YES_AGGRESSIVE;
				CLANG_CXX_LANGUAGE_STANDARD = "gnu++14";
				CLANG_CXX_LIBRARY = "libc++";
				CLANG_ENABLE_MODULES = YES;
				CLANG_ENABLE_OBJC_ARC = YES;
				CLANG_ENABLE_OBJC_WEAK = YES;
				CLANG_WARN_BLOCK_CAPTURE_AUTORELEASING = YES;
				CLANG_WARN_BOOL_CONVERSION = YES;
				CLANG_WARN_COMMA = YES;
				CLANG_WARN_CONSTANT_CONVERSION = YES;
				CLANG_WARN_DEPRECATED_OBJC_IMPLEMENTATIONS = YES;
				CLANG_WARN_DIRECT_OBJC_ISA_USAGE = YES_ERROR;
				CLANG_WARN_DOCUMENTATION_COMMENTS = YES;
				CLANG_WARN_EMPTY_BODY = YES;
				CLANG_WARN_ENUM_CONVERSION = YES;
				CLANG_WARN_INFINITE_RECURSION = YES;
				CLANG_WARN_INT_CONVERSION = YES;
				CLANG_WARN_NON_LITERAL_NULL_CONVERSION = YES;
				CLANG_WARN_OBJC_IMPLICIT_RETAIN_SELF = YES;
				CLANG_WARN_OBJC_LITERAL_CONVERSION = YES;
				CLANG_WARN_OBJC_ROOT_CLASS = YES_ERROR;
				CLANG_WARN_QUOTED_INCLUDE_IN_FRAMEWORK_HEADER = YES;
				CLANG_WARN_RANGE_LOOP_ANALYSIS = YES;
				CLANG_WARN_STRICT_PROTOTYPES = YES;
				CLANG_WARN_SUSPICIOUS_MOVE = YES;
				CLANG_WARN_UNGUARDED_AVAILABILITY = YES_AGGRESSIVE;
				CLANG_WARN_UNREACHABLE_CODE = YES;
				CLANG_WARN__DUPLICATE_METHOD_MATCH = YES;
				COPY_PHASE_STRIP = NO;
				DEBUG_INFORMATION_FORMAT = dwarf;
				ENABLE_STRICT_OBJC_MSGSEND = YES;
				ENABLE_TESTABILITY = YES;
				GCC_C_LANGUAGE_STANDARD = gnu11;
				GCC_DYNAMIC_NO_PIC = NO;
				GCC_NO_COMMON_BLOCKS = YES;
				GCC_OPTIMIZATION_LEVEL = 0;
				GCC_PREPROCESSOR_DEFINITIONS = (
					"$(inherited)",
					"DEBUG=1",
				);
				GCC_WARN_64_TO_32_BIT_CONVERSION = YES;
				GCC_WARN_ABOUT_RETURN_TYPE = YES_ERROR;
				GCC_WARN_UNDECLARED_SELECTOR = YES;
				GCC_WARN_UNINITIALIZED_AUTOS = YES_AGGRESSIVE;
				GCC_WARN_UNUSED_FUNCTION = YES;
				GCC_WARN_UNUSED_VARIABLE = YES;
				IPHONEOS_DEPLOYMENT_TARGET = 26.0;
				MTL_ENABLE_DEBUG_INFO = INCLUDE_SOURCE;
				MTL_FAST_MATH = YES;
				ONLY_ACTIVE_ARCH = YES;
				PRODUCT_NAME = "$(TARGET_NAME)";
				SDKROOT = iphoneos;
				SWIFT_ACTIVE_COMPILATION_CONDITIONS = DEBUG;
				SWIFT_OPTIMIZATION_LEVEL = "-Onone";
				SWIFT_VERSION = 5.0;
			};
			name = Debug;
		};
		FABE0B0A2EF919A72ABED2FC /* Release */ = {
			isa = XCBuildConfiguration;
			buildSettings = {
				ALWAYS_SEARCH_USER_PATHS = NO;
				CLANG_ANALYZER_NONNULL = YES;
				CLANG_ANALYZER_NUMBER_OBJECT_CONVERSION = YES_AGGRESSIVE;
				CLANG_CXX_LANGUAGE_STANDARD = "gnu++14";
				CLANG_CXX_LIBRARY = "libc++";
				CLANG_ENABLE_MODULES = YES;
				CLANG_ENABLE_OBJC_ARC = YES;
				CLANG_ENABLE_OBJC_WEAK = YES;
				CLANG_WARN_BLOCK_CAPTURE_AUTORELEASING = YES;
				CLANG_WARN_BOOL_CONVERSION = YES;
				CLANG_WARN_COMMA = YES;
				CLANG_WARN_CONSTANT_CONVERSION = YES;
				CLANG_WARN_DEPRECATED_OBJC_IMPLEMENTATIONS = YES;
				CLANG_WARN_DIRECT_OBJC_ISA_USAGE = YES_ERROR;
				CLANG_WARN_DOCUMENTATION_COMMENTS = YES;
				CLANG_WARN_EMPTY_BODY = YES;
				CLANG_WARN_ENUM_CONVERSION = YES;
				CLANG_WARN_INFINITE_RECURSION = YES;
				CLANG_WARN_INT_CONVERSION = YES;
				CLANG_WARN_NON_LITERAL_NULL_CONVERSION = YES;
				CLANG_WARN_OBJC_IMPLICIT_RETAIN_SELF = YES;
				CLANG_WARN_OBJC_LITERAL_CONVERSION = YES;
				CLANG_WARN_OBJC_ROOT_CLASS = YES_ERROR;
				CLANG_WARN_QUOTED_INCLUDE_IN_FRAMEWORK_HEADER = YES;
				CLANG_WARN_RANGE_LOOP_ANALYSIS = YES;
				CLANG_WARN_STRICT_PROTOTYPES = YES;
				CLANG_WARN_SUSPICIOUS_MOVE = YES;
				CLANG_WARN_UNGUARDED_AVAILABILITY = YES_AGGRESSIVE;
				CLANG_WARN_UNREACHABLE_CODE = YES;
				CLANG_WARN__DUPLICATE_METHOD_MATCH = YES;
				COPY_PHASE_STRIP = NO;
				DEBUG_INFORMATION_FORMAT = "dwarf-with-dsym";
				ENABLE_NS_ASSERTIONS = NO;
				ENABLE_STRICT_OBJC_MSGSEND = YES;
				GCC_C_LANGUAGE_STANDARD = gnu11;
				GCC_NO_COMMON_BLOCKS = YES;
				GCC_WARN_64_TO_32_BIT_CONVERSION = YES;
				GCC_WARN_ABOUT_RETURN_TYPE = YES_ERROR;
				GCC_WARN_UNDECLARED_SELECTOR = YES;
				GCC_WARN_UNINITIALIZED_AUTOS = YES_AGGRESSIVE;
				GCC_WARN_UNUSED_FUNCTION = YES;
				GCC_WARN_UNUSED_VARIABLE = YES;
				IPHONEOS_DEPLOYMENT_TARGET = 26.0;
				MTL_ENABLE_DEBUG_INFO = NO;
				MTL_FAST_MATH = YES;
				PRODUCT_NAME = "$(TARGET_NAME)";
				SDKROOT = iphoneos;
				SWIFT_COMPILATION_MODE = wholemodule;
				SWIFT_OPTIMIZATION_LEVEL = "-O";
				SWIFT_VERSION = 5.0;
			};
			name = Release;
		};
		FD849950D7F08FEC5DE31FAE /* Release */ = {
			isa = XCBuildConfiguration;
			buildSettings = {
				ASSETCATALOG_COMPILER_APPICON_NAME = AppIcon;
				ASSETCATALOG_COMPILER_GLOBAL_ACCENT_COLOR_NAME = AccentColor;
				CODE_SIGN_IDENTITY = "iPhone Developer";
				CODE_SIGN_STYLE = Automatic;
				DEVELOPMENT_TEAM = D6647H7B4X;
				ENABLE_PREVIEWS = YES;
				INFOPLIST_FILE = NeoBili/Info.plist;
				IPHONEOS_DEPLOYMENT_TARGET = 26.0;
				LD_RUNPATH_SEARCH_PATHS = (
					"$(inherited)",
					"@executable_path/Frameworks",
				);
				PRODUCT_BUNDLE_IDENTIFIER = com.elsterlee.NeoBili;
				SDKROOT = iphoneos;
				SWIFT_VERSION = 6.0;
				TARGETED_DEVICE_FAMILY = 1;
			};
			name = Release;
		};
/* End XCBuildConfiguration section */

/* Begin XCConfigurationList section */
		28DFF45B101274D217DEA7A8 /* Build configuration list for PBXProject "NeoBili" */ = {
			isa = XCConfigurationList;
			buildConfigurations = (
				A6BA709D3FBA263659626DDB /* Debug */,
				FABE0B0A2EF919A72ABED2FC /* Release */,
			);
			defaultConfigurationIsVisible = 0;
			defaultConfigurationName = Debug;
		};
		3438169FE830682BABFE64FE /* Build configuration list for PBXNativeTarget "NeoBiliTests" */ = {
			isa = XCConfigurationList;
			buildConfigurations = (
				32D5B50609C1F2EF57382735 /* Debug */,
				10C964686F31382C6CF4DDDB /* Release */,
			);
			defaultConfigurationIsVisible = 0;
			defaultConfigurationName = Debug;
		};
		8C61DF232D5CBCDA951046A7 /* Build configuration list for PBXNativeTarget "NeoBili" */ = {
			isa = XCConfigurationList;
			buildConfigurations = (
				8973EE6DD242F15B2AA483CF /* Debug */,
				FD849950D7F08FEC5DE31FAE /* Release */,
			);
			defaultConfigurationIsVisible = 0;
			defaultConfigurationName = Debug;
		};
/* End XCConfigurationList section */

/* Begin XCRemoteSwiftPackageReference section */
		26A554F0FF828A8D04A5D07C /* XCRemoteSwiftPackageReference "MPVKit" */ = {
			isa = XCRemoteSwiftPackageReference;
			repositoryURL = "https://github.com/mpvkit/MPVKit.git";
			requirement = {
				kind = exactVersion;
				version = 1.0.0;
			};
		};
/* End XCRemoteSwiftPackageReference section */

/* Begin XCSwiftPackageProductDependency section */
		CBAABE12ECEECC935ABD1F3A /* MPVKit */ = {
			isa = XCSwiftPackageProductDependency;
			package = 26A554F0FF828A8D04A5D07C /* XCRemoteSwiftPackageReference "MPVKit" */;
			productName = MPVKit;
		};
/* End XCSwiftPackageProductDependency section */
	};
	rootObject = 5D12FEEA5F9455D4526A50F3 /* Project object */;
}
